
Microsoft Visual Studio Solution File, Format Version 12.00
# Visual Studio 2013
VisualStudioVersion = 12.0.21005.1
MinimumVisualStudioVersion = 10.0.40219.1
Project("{FAE04EC0-301F-11D3-BF4B-00C04F79EFBC}") = "TCPListner", "SocketDataTransfer\TCPListner.csproj", "{3487FCFE-6D04-4E39-AF7C-E44531BF0ADB}"
EndProject
Project("{FAE04EC0-301F-11D3-BF4B-00C04F79EFBC}") = "TCPClient", "TCPClient\TCPClient.csproj", "{03068B2A-0D56-4428-B59E-C918D0F8CF71}"
EndProject
Global
	GlobalSection(SolutionConfigurationPlatforms) = preSolution
		Debug|Any CPU = Debug|Any CPU
		Release|Any CPU = Release|Any CPU
	EndGlobalSection
	GlobalSection(ProjectConfigurationPlatforms) = postSolution
		{3487FCFE-6D04-4E39-AF7C-E44531BF0ADB}.Debug|Any CPU.ActiveCfg = Debug|Any CPU
		{3487FCFE-6D04-4E39-AF7C-E44531BF0ADB}.Debug|Any CPU.Build.0 = Debug|Any CPU
		{3487FCFE-6D04-4E39-AF7C-E44531BF0ADB}.Release|Any CPU.ActiveCfg = Release|Any CPU
		{3487FCFE-6D04-4E39-AF7C-E44531BF0ADB}.Release|Any CPU.Build.0 = Release|Any CPU
		{03068B2A-0D56-4428-B59E-C918D0F8CF71}.Debug|Any CPU.ActiveCfg = Debug|Any CPU
		{03068B2A-0D56-4428-B59E-C918D0F8CF71}.Debug|Any CPU.Build.0 = Debug|Any CPU
		{03068B2A-0D56-4428-B59E-C918D0F8CF71}.Release|Any CPU.ActiveCfg = Release|Any CPU
		{03068B2A-0D56-4428-B59E-C918D0F8CF71}.Release|Any CPU.Build.0 = Release|Any CPU
	EndGlobalSection
	GlobalSection(SolutionProperties) = preSolution
		HideSolutionNode = FALSE
	EndGlobalSection
EndGlobal
